
Microsoft Visual Studio Solution File, Format Version 12.00
# Visual Studio Version 16
VisualStudioVersion = 16.0.29318.209
MinimumVisualStudioVersion = 10.0.40219.1
Project("{FAE04EC0-301F-11D3-BF4B-00C04F79EFBC}") = "BasketTest", "BasketTest\BasketTest.csproj", "{E44513BA-B346-4E9E-8B38-020EAF375B29}"
EndProject
Project("{FAE04EC0-301F-11D3-BF4B-00C04F79EFBC}") = "BasketUnitTests", "BasketUnitTests\BasketUnitTests.csproj", "{BB96FB18-E5B1-41C1-B264-AB94BECAE392}"
EndProject
Global
	GlobalSection(SolutionConfigurationPlatforms) = preSolution
		Debug|Any CPU = Debug|Any CPU
		Release|Any CPU = Release|Any CPU
	EndGlobalSection
	GlobalSection(ProjectConfigurationPlatforms) = postSolution
		{E44513BA-B346-4E9E-8B38-020EAF375B29}.Debug|Any CPU.ActiveCfg = Debug|Any CPU
		{E44513BA-B346-4E9E-8B38-020EAF375B29}.Debug|Any CPU.Build.0 = Debug|Any CPU
		{E44513BA-B346-4E9E-8B38-020EAF375B29}.Release|Any CPU.ActiveCfg = Release|Any CPU
		{E44513BA-B346-4E9E-8B38-020EAF375B29}.Release|Any CPU.Build.0 = Release|Any CPU
		{BB96FB18-E5B1-41C1-B264-AB94BECAE392}.Debug|Any CPU.ActiveCfg = Debug|Any CPU
		{BB96FB18-E5B1-41C1-B264-AB94BECAE392}.Debug|Any CPU.Build.0 = Debug|Any CPU
		{BB96FB18-E5B1-41C1-B264-AB94BECAE392}.Release|Any CPU.ActiveCfg = Release|Any CPU
		{BB96FB18-E5B1-41C1-B264-AB94BECAE392}.Release|Any CPU.Build.0 = Release|Any CPU
	EndGlobalSection
	GlobalSection(SolutionProperties) = preSolution
		HideSolutionNode = FALSE
	EndGlobalSection
	GlobalSection(ExtensibilityGlobals) = postSolution
		SolutionGuid = {0BBED210-02B4-4B1A-838A-16D1B4AE0FC6}
	EndGlobalSection
EndGlobal
